Microsoft Visual Studio Solution File, Format Version 12.00
# Visual Studio Version 17
VisualStudioVersion = 17.5.2.0
MinimumVisualStudioVersion = 10.0.40219.1
Project("{2150E333-8FDC-42A3-9474-1A3956D46DE8}") = "semestr3", "semestr3", "{F7CC5032-5FED-D9C5-9124-DFAFC9047D5D}"
EndProject
Project("{2150E333-8FDC-42A3-9474-1A3956D46DE8}") = "semestr4", "semestr4", "{312354AC-D53F-2CF5-6758-1768A52592BB}"
EndProject
Project("{2150E333-8FDC-42A3-9474-1A3956D46DE8}") = "semestr5", "semestr5", "{7076643A-CF18-8BF6-9C39-1842DE185821}"
EndProject
Project("{2150E333-8FDC-42A3-9474-1A3956D46DE8}") = "src", "src", "{B37E6314-5443-08D3-3A98-F0973C763FF0}"
EndProject
Project("{FAE04EC0-301F-11D3-BF4B-00C04F79EFBC}") = "BasicsConsole", "semestr3\src\BasicsConsole\BasicsConsole.csproj", "{B188B67F-0004-CD49-501A-C7AD7E28B30A}"
EndProject
Project("{FAE04EC0-301F-11D3-BF4B-00C04F79EFBC}") = "OopSamples", "semestr3\src\OopSamples\OopSamples.csproj", "{7964B5A9-1AF1-FADA-982C-575982A76B3A}"
EndProject
Project("{2150E333-8FDC-42A3-9474-1A3956D46DE8}") = "tests", "tests", "{1CEB86DC-E49F-B935-5447-754ED5A66B56}"
EndProject
Project("{FAE04EC0-301F-11D3-BF4B-00C04F79EFBC}") = "Basics.Tests", "semestr3\tests\Basics.Tests\Basics.Tests.csproj", "{F7B0A899-3B5A-C1BC-A8EB-F2B0F1A6A4A8}"
EndProject
Project("{2150E333-8FDC-42A3-9474-1A3956D46DE8}") = "src", "src", "{F8131B1F-0F7C-DAC0-D895-00A9DF0688A2}"
EndProject
Project("{FAE04EC0-301F-11D3-BF4B-00C04F79EFBC}") = "AsyncIoDemo", "semestr4\src\AsyncIoDemo\AsyncIoDemo.csproj", "{3AA1B9DE-40FF-D878-9357-0FC100098466}"
EndProject
Project("{FAE04EC0-301F-11D3-BF4B-00C04F79EFBC}") = "LinqPlayground", "semestr4\src\LinqPlayground\LinqPlayground.csproj", "{A4AF12C7-1962-55AC-0DB7-19DC1EBA25AB}"
EndProject
Project("{2150E333-8FDC-42A3-9474-1A3956D46DE8}") = "tests", "tests", "{423557B9-B885-C27A-CBFB-E880A1E3845F}"
EndProject
Project("{FAE04EC0-301F-11D3-BF4B-00C04F79EFBC}") = "Sem4.Tests", "semestr4\tests\Sem4.Tests\Sem4.Tests.csproj", "{AD55B18C-B70A-8E2F-C756-66614B66D109}"
EndProject
Project("{2150E333-8FDC-42A3-9474-1A3956D46DE8}") = "src", "src", "{1C3F9579-0080-3F8E-8AD6-267EB6CC26BC}"
EndProject
Project("{FAE04EC0-301F-11D3-BF4B-00C04F79EFBC}") = "EfCoreDemo", "semestr5\src\EfCoreDemo\EfCoreDemo.csproj", "{BD813278-5344-2E0D-FC3F-B33511EDBBEC}"
EndProject
Project("{FAE04EC0-301F-11D3-BF4B-00C04F79EFBC}") = "WebApi", "semestr5\src\WebApi\WebApi.csproj", "{9F228E86-F625-3664-0FFD-ECFC2668A3FA}"
EndProject
Project("{2150E333-8FDC-42A3-9474-1A3956D46DE8}") = "tests", "tests", "{880980D6-7196-1909-87C2-6183A23A820C}"
EndProject
Project("{FAE04EC0-301F-11D3-BF4B-00C04F79EFBC}") = "Sem5.Tests", "semestr5\tests\Sem5.Tests\Sem5.Tests.csproj", "{7A370556-CEAF-83ED-6FA4-FCFE7F6C2E96}"
EndProject
Global
	GlobalSection(SolutionConfigurationPlatforms) = preSolution
		Debug|Any CPU = Debug|Any CPU
		Release|Any CPU = Release|Any CPU
	EndGlobalSection
	GlobalSection(ProjectConfigurationPlatforms) = postSolution
		{B188B67F-0004-CD49-501A-C7AD7E28B30A}.Debug|Any CPU.ActiveCfg = Debug|Any CPU
		{B188B67F-0004-CD49-501A-C7AD7E28B30A}.Debug|Any CPU.Build.0 = Debug|Any CPU
		{B188B67F-0004-CD49-501A-C7AD7E28B30A}.Release|Any CPU.ActiveCfg = Release|Any CPU
		{B188B67F-0004-CD49-501A-C7AD7E28B30A}.Release|Any CPU.Build.0 = Release|Any CPU
		{7964B5A9-1AF1-FADA-982C-575982A76B3A}.Debug|Any CPU.ActiveCfg = Debug|Any CPU
		{7964B5A9-1AF1-FADA-982C-575982A76B3A}.Debug|Any CPU.Build.0 = Debug|Any CPU
		{7964B5A9-1AF1-FADA-982C-575982A76B3A}.Release|Any CPU.ActiveCfg = Release|Any CPU
		{7964B5A9-1AF1-FADA-982C-575982A76B3A}.Release|Any CPU.Build.0 = Release|Any CPU
		{F7B0A899-3B5A-C1BC-A8EB-F2B0F1A6A4A8}.Debug|Any CPU.ActiveCfg = Debug|Any CPU
		{F7B0A899-3B5A-C1BC-A8EB-F2B0F1A6A4A8}.Debug|Any CPU.Build.0 = Debug|Any CPU
		{F7B0A899-3B5A-C1BC-A8EB-F2B0F1A6A4A8}.Release|Any CPU.ActiveCfg = Release|Any CPU
		{F7B0A899-3B5A-C1BC-A8EB-F2B0F1A6A4A8}.Release|Any CPU.Build.0 = Release|Any CPU
		{3AA1B9DE-40FF-D878-9357-0FC100098466}.Debug|Any CPU.ActiveCfg = Debug|Any CPU
		{3AA1B9DE-40FF-D878-9357-0FC100098466}.Debug|Any CPU.Build.0 = Debug|Any CPU
		{3AA1B9DE-40FF-D878-9357-0FC100098466}.Release|Any CPU.ActiveCfg = Release|Any CPU
		{3AA1B9DE-40FF-D878-9357-0FC100098466}.Release|Any CPU.Build.0 = Release|Any CPU
		{A4AF12C7-1962-55AC-0DB7-19DC1EBA25AB}.Debug|Any CPU.ActiveCfg = Debug|Any CPU
		{A4AF12C7-1962-55AC-0DB7-19DC1EBA25AB}.Debug|Any CPU.Build.0 = Debug|Any CPU
		{A4AF12C7-1962-55AC-0DB7-19DC1EBA25AB}.Release|Any CPU.ActiveCfg = Release|Any CPU
		{A4AF12C7-1962-55AC-0DB7-19DC1EBA25AB}.Release|Any CPU.Build.0 = Release|Any CPU
		{AD55B18C-B70A-8E2F-C756-66614B66D109}.Debug|Any CPU.ActiveCfg = Debug|Any CPU
		{AD55B18C-B70A-8E2F-C756-66614B66D109}.Debug|Any CPU.Build.0 = Debug|Any CPU
		{AD55B18C-B70A-8E2F-C756-66614B66D109}.Release|Any CPU.ActiveCfg = Release|Any CPU
		{AD55B18C-B70A-8E2F-C756-66614B66D109}.Release|Any CPU.Build.0 = Release|Any CPU
		{BD813278-5344-2E0D-FC3F-B33511EDBBEC}.Debug|Any CPU.ActiveCfg = Debug|Any CPU
		{BD813278-5344-2E0D-FC3F-B33511EDBBEC}.Debug|Any CPU.Build.0 = Debug|Any CPU
		{BD813278-5344-2E0D-FC3F-B33511EDBBEC}.Release|Any CPU.ActiveCfg = Release|Any CPU
		{BD813278-5344-2E0D-FC3F-B33511EDBBEC}.Release|Any CPU.Build.0 = Release|Any CPU
		{9F228E86-F625-3664-0FFD-ECFC2668A3FA}.Debug|Any CPU.ActiveCfg = Debug|Any CPU
		{9F228E86-F625-3664-0FFD-ECFC2668A3FA}.Debug|Any CPU.Build.0 = Debug|Any CPU
		{9F228E86-F625-3664-0FFD-ECFC2668A3FA}.Release|Any CPU.ActiveCfg = Release|Any CPU
		{9F228E86-F625-3664-0FFD-ECFC2668A3FA}.Release|Any CPU.Build.0 = Release|Any CPU
		{7A370556-CEAF-83ED-6FA4-FCFE7F6C2E96}.Debug|Any CPU.ActiveCfg = Debug|Any CPU
		{7A370556-CEAF-83ED-6FA4-FCFE7F6C2E96}.Debug|Any CPU.Build.0 = Debug|Any CPU
		{7A370556-CEAF-83ED-6FA4-FCFE7F6C2E96}.Release|Any CPU.ActiveCfg = Release|Any CPU
		{7A370556-CEAF-83ED-6FA4-FCFE7F6C2E96}.Release|Any CPU.Build.0 = Release|Any CPU
	EndGlobalSection
	GlobalSection(SolutionProperties) = preSolution
		HideSolutionNode = FALSE
	EndGlobalSection
	GlobalSection(NestedProjects) = preSolution
		{B37E6314-5443-08D3-3A98-F0973C763FF0} = {F7CC5032-5FED-D9C5-9124-DFAFC9047D5D}
		{B188B67F-0004-CD49-501A-C7AD7E28B30A} = {B37E6314-5443-08D3-3A98-F0973C763FF0}
		{7964B5A9-1AF1-FADA-982C-575982A76B3A} = {B37E6314-5443-08D3-3A98-F0973C763FF0}
		{1CEB86DC-E49F-B935-5447-754ED5A66B56} = {F7CC5032-5FED-D9C5-9124-DFAFC9047D5D}
		{F7B0A899-3B5A-C1BC-A8EB-F2B0F1A6A4A8} = {1CEB86DC-E49F-B935-5447-754ED5A66B56}
		{F8131B1F-0F7C-DAC0-D895-00A9DF0688A2} = {312354AC-D53F-2CF5-6758-1768A52592BB}
		{3AA1B9DE-40FF-D878-9357-0FC100098466} = {F8131B1F-0F7C-DAC0-D895-00A9DF0688A2}
		{A4AF12C7-1962-55AC-0DB7-19DC1EBA25AB} = {F8131B1F-0F7C-DAC0-D895-00A9DF0688A2}
		{423557B9-B885-C27A-CBFB-E880A1E3845F} = {312354AC-D53F-2CF5-6758-1768A52592BB}
		{AD55B18C-B70A-8E2F-C756-66614B66D109} = {423557B9-B885-C27A-CBFB-E880A1E3845F}
		{1C3F9579-0080-3F8E-8AD6-267EB6CC26BC} = {7076643A-CF18-8BF6-9C39-1842DE185821}
		{BD813278-5344-2E0D-FC3F-B33511EDBBEC} = {1C3F9579-0080-3F8E-8AD6-267EB6CC26BC}
		{9F228E86-F625-3664-0FFD-ECFC2668A3FA} = {1C3F9579-0080-3F8E-8AD6-267EB6CC26BC}
		{880980D6-7196-1909-87C2-6183A23A820C} = {7076643A-CF18-8BF6-9C39-1842DE185821}
		{7A370556-CEAF-83ED-6FA4-FCFE7F6C2E96} = {880980D6-7196-1909-87C2-6183A23A820C}
	EndGlobalSection
	GlobalSection(ExtensibilityGlobals) = postSolution
		SolutionGuid = {896EC8CA-162E-4D49-9573-5B20EA993D51}
	EndGlobalSection
EndGlobal
